Microsoft Visual Studio Solution File, Format Version 12.00
# Visual Studio Version 17
VisualStudioVersion = 17.5.2.0
MinimumVisualStudioVersion = 10.0.40219.1
Project("{FAE04EC0-301F-11D3-BF4B-00C04F79EFBC}") = "PROYECTO-FINAL", "PROYECTO-FINAL.csproj", "{9F25B333-BFC6-2D66-43C3-F0BB852A5FF2}"
EndProject
Global
	GlobalSection(SolutionConfigurationPlatforms) = preSolution
		Debug|Any CPU = Debug|Any CPU
		Release|Any CPU = Release|Any CPU
	EndGlobalSection
	GlobalSection(ProjectConfigurationPlatforms) = postSolution
		{9F25B333-BFC6-2D66-43C3-F0BB852A5FF2}.Debug|Any CPU.ActiveCfg = Debug|Any CPU
		{9F25B333-BFC6-2D66-43C3-F0BB852A5FF2}.Debug|Any CPU.Build.0 = Debug|Any CPU
		{9F25B333-BFC6-2D66-43C3-F0BB852A5FF2}.Release|Any CPU.ActiveCfg = Release|Any CPU
		{9F25B333-BFC6-2D66-43C3-F0BB852A5FF2}.Release|Any CPU.Build.0 = Release|Any CPU
	EndGlobalSection
	GlobalSection(SolutionProperties) = preSolution
		HideSolutionNode = FALSE
	EndGlobalSection
	GlobalSection(ExtensibilityGlobals) = postSolution
		SolutionGuid = {5F8F7ED6-3F9B-4E51-9F1A-B2D2B5FEBBC2}
	EndGlobalSection
EndGlobal
